
Microsoft Visual Studio Solution File, Format Version 12.00
# Visual Studio Version 16
VisualStudioVersion = 16.0.33214.272
MinimumVisualStudioVersion = 10.0.40219.1
Project("{FAE04EC0-301F-11D3-BF4B-00C04F79EFBC}") = "EYPrograms", "EYPrograms\EYPrograms.csproj", "{D09EB4C6-56E6-4451-8FC5-66B3DF0AF8EA}"
EndProject
Global
	GlobalSection(SolutionConfigurationPlatforms) = preSolution
		Debug|Any CPU = Debug|Any CPU
		Release|Any CPU = Release|Any CPU
	EndGlobalSection
	GlobalSection(ProjectConfigurationPlatforms) = postSolution
		{D09EB4C6-56E6-4451-8FC5-66B3DF0AF8EA}.Debug|Any CPU.ActiveCfg = Debug|Any CPU
		{D09EB4C6-56E6-4451-8FC5-66B3DF0AF8EA}.Debug|Any CPU.Build.0 = Debug|Any CPU
		{D09EB4C6-56E6-4451-8FC5-66B3DF0AF8EA}.Release|Any CPU.ActiveCfg = Release|Any CPU
		{D09EB4C6-56E6-4451-8FC5-66B3DF0AF8EA}.Release|Any CPU.Build.0 = Release|Any CPU
	EndGlobalSection
	GlobalSection(SolutionProperties) = preSolution
		HideSolutionNode = FALSE
	EndGlobalSection
	GlobalSection(ExtensibilityGlobals) = postSolution
		SolutionGuid = {E392A4A9-D9E1-4367-978E-324A54B781E4}
	EndGlobalSection
EndGlobal
