
Microsoft Visual Studio Solution File, Format Version 12.00
# Visual Studio Version 16
VisualStudioVersion = 16.0.33214.272
MinimumVisualStudioVersion = 10.0.40219.1
Project("{FAE04EC0-301F-11D3-BF4B-00C04F79EFBC}") = "Linq_Project", "Linq_Project\Linq_Project.csproj", "{C19520FC-1988-4F45-98B2-FB5590BA85EA}"
EndProject
Global
	GlobalSection(SolutionConfigurationPlatforms) = preSolution
		Debug|Any CPU = Debug|Any CPU
		Release|Any CPU = Release|Any CPU
	EndGlobalSection
	GlobalSection(ProjectConfigurationPlatforms) = postSolution
		{C19520FC-1988-4F45-98B2-FB5590BA85EA}.Debug|Any CPU.ActiveCfg = Debug|Any CPU
		{C19520FC-1988-4F45-98B2-FB5590BA85EA}.Debug|Any CPU.Build.0 = Debug|Any CPU
		{C19520FC-1988-4F45-98B2-FB5590BA85EA}.Release|Any CPU.ActiveCfg = Release|Any CPU
		{C19520FC-1988-4F45-98B2-FB5590BA85EA}.Release|Any CPU.Build.0 = Release|Any CPU
	EndGlobalSection
	GlobalSection(SolutionProperties) = preSolution
		HideSolutionNode = FALSE
	EndGlobalSection
	GlobalSection(ExtensibilityGlobals) = postSolution
		SolutionGuid = {4D8D5A52-30A6-49F1-A77D-8ACF828AC6DB}
	EndGlobalSection
EndGlobal
