
Microsoft Visual Studio Solution File, Format Version 12.00
# Visual Studio Version 16
VisualStudioVersion = 16.0.33214.272
MinimumVisualStudioVersion = 10.0.40219.1
Project("{FAE04EC0-301F-11D3-BF4B-00C04F79EFBC}") = "WebServices_EY", "WebServices_EY\WebServices_EY.csproj", "{4FCEB135-3E62-4FFA-9EA6-7F0909728C4D}"
EndProject
Project("{FAE04EC0-301F-11D3-BF4B-00C04F79EFBC}") = "ConsoleApp1", "ConsoleApp1\ConsoleApp1.csproj", "{F53A5604-D21B-4506-9EA0-F6471650BAC9}"
EndProject
Global
	GlobalSection(SolutionConfigurationPlatforms) = preSolution
		Debug|Any CPU = Debug|Any CPU
		Release|Any CPU = Release|Any CPU
	EndGlobalSection
	GlobalSection(ProjectConfigurationPlatforms) = postSolution
		{4FCEB135-3E62-4FFA-9EA6-7F0909728C4D}.Debug|Any CPU.ActiveCfg = Debug|Any CPU
		{4FCEB135-3E62-4FFA-9EA6-7F0909728C4D}.Debug|Any CPU.Build.0 = Debug|Any CPU
		{4FCEB135-3E62-4FFA-9EA6-7F0909728C4D}.Release|Any CPU.ActiveCfg = Release|Any CPU
		{4FCEB135-3E62-4FFA-9EA6-7F0909728C4D}.Release|Any CPU.Build.0 = Release|Any CPU
		{F53A5604-D21B-4506-9EA0-F6471650BAC9}.Debug|Any CPU.ActiveCfg = Debug|Any CPU
		{F53A5604-D21B-4506-9EA0-F6471650BAC9}.Debug|Any CPU.Build.0 = Debug|Any CPU
		{F53A5604-D21B-4506-9EA0-F6471650BAC9}.Release|Any CPU.ActiveCfg = Release|Any CPU
		{F53A5604-D21B-4506-9EA0-F6471650BAC9}.Release|Any CPU.Build.0 = Release|Any CPU
	EndGlobalSection
	GlobalSection(SolutionProperties) = preSolution
		HideSolutionNode = FALSE
	EndGlobalSection
	GlobalSection(ExtensibilityGlobals) = postSolution
		SolutionGuid = {64CC0B0E-BDFA-4A9C-9FFF-ABBC6D602AFD}
	EndGlobalSection
EndGlobal
